
Microsoft Visual Studio Solution File, Format Version 12.00
# Visual Studio Version 17
VisualStudioVersion = 17.0.32014.148
MinimumVisualStudioVersion = 10.0.40219.1
Project("{FAE04EC0-301F-11D3-BF4B-00C04F79EFBC}") = "idea 2", "idea 2.csproj", "{A3AA6B38-DD32-4F64-A698-4F239A32C042}"
EndProject
Global
	GlobalSection(SolutionConfigurationPlatforms) = preSolution
		Debug|Any CPU = Debug|Any CPU
		Release|Any CPU = Release|Any CPU
	EndGlobalSection
	GlobalSection(ProjectConfigurationPlatforms) = postSolution
		{A3AA6B38-DD32-4F64-A698-4F239A32C042}.Debug|Any CPU.ActiveCfg = Debug|Any CPU
		{A3AA6B38-DD32-4F64-A698-4F239A32C042}.Debug|Any CPU.Build.0 = Debug|Any CPU
		{A3AA6B38-DD32-4F64-A698-4F239A32C042}.Release|Any CPU.ActiveCfg = Release|Any CPU
		{A3AA6B38-DD32-4F64-A698-4F239A32C042}.Release|Any CPU.Build.0 = Release|Any CPU
	EndGlobalSection
	GlobalSection(SolutionProperties) = preSolution
		HideSolutionNode = FALSE
	EndGlobalSection
	GlobalSection(ExtensibilityGlobals) = postSolution
		SolutionGuid = {8A970AA8-A391-4080-BFBC-F7617955A7F0}
	EndGlobalSection
EndGlobal
